
Microsoft Visual Studio Solution File, Format Version 12.00
# Visual Studio Version 17
VisualStudioVersion = 17.11.35312.102
MinimumVisualStudioVersion = 10.0.40219.1
Project("{9A19103F-16F7-4668-BE54-9A1E7A4F7556}") = "ModelValidatorNotEmpty", "ModelValidatorNotEmpty.csproj", "{45083597-16AC-4C57-BAF8-606BB988B24B}"
EndProject
Project("{9A19103F-16F7-4668-BE54-9A1E7A4F7556}") = "ModelValidatorWithLettersAndNumbers", "..\ModelValidatorWithLettersAndNumbers\ModelValidatorWithLettersAndNumbers.csproj", "{830F39D9-F6AB-4567-A1D9-86DDB48A14FF}"
EndProject
Project("{9A19103F-16F7-4668-BE54-9A1E7A4F7556}") = "ModelValidatorWithMoreThanSixLetters", "..\ModelValidatorWithMoreThanSixLetters\ModelValidatorWithMoreThanSixLetters.csproj", "{E2B391F4-280F-4A9B-8D6E-52963877EBE6}"
EndProject
Project("{9A19103F-16F7-4668-BE54-9A1E7A4F7556}") = "ModelValidatorWithMoreThanOneLetter", "..\ModelValidatorWithMoreThanOneLetter\ModelValidatorWithMoreThanOneLetter.csproj", "{BE5D83BA-E919-4297-AA31-D1C96D8E7001}"
EndProject
Project("{FAE04EC0-301F-11D3-BF4B-00C04F79EFBC}") = "ModelValidatorWithMoreThanZeroCharacters", "..\ModelValidatorWithMoreThanZeroCharacters\ModelValidatorWithMoreThanZeroCharacters.csproj", "{43B3073D-1024-476A-8DD6-3AA88412C3D2}"
EndProject
Global
	GlobalSection(SolutionConfigurationPlatforms) = preSolution
		Debug|Any CPU = Debug|Any CPU
		Release|Any CPU = Release|Any CPU
	EndGlobalSection
	GlobalSection(ProjectConfigurationPlatforms) = postSolution
		{45083597-16AC-4C57-BAF8-606BB988B24B}.Debug|Any CPU.ActiveCfg = Debug|Any CPU
		{45083597-16AC-4C57-BAF8-606BB988B24B}.Debug|Any CPU.Build.0 = Debug|Any CPU
		{45083597-16AC-4C57-BAF8-606BB988B24B}.Release|Any CPU.ActiveCfg = Release|Any CPU
		{45083597-16AC-4C57-BAF8-606BB988B24B}.Release|Any CPU.Build.0 = Release|Any CPU
		{830F39D9-F6AB-4567-A1D9-86DDB48A14FF}.Debug|Any CPU.ActiveCfg = Debug|Any CPU
		{830F39D9-F6AB-4567-A1D9-86DDB48A14FF}.Debug|Any CPU.Build.0 = Debug|Any CPU
		{830F39D9-F6AB-4567-A1D9-86DDB48A14FF}.Release|Any CPU.ActiveCfg = Release|Any CPU
		{830F39D9-F6AB-4567-A1D9-86DDB48A14FF}.Release|Any CPU.Build.0 = Release|Any CPU
		{E2B391F4-280F-4A9B-8D6E-52963877EBE6}.Debug|Any CPU.ActiveCfg = Debug|Any CPU
		{E2B391F4-280F-4A9B-8D6E-52963877EBE6}.Debug|Any CPU.Build.0 = Debug|Any CPU
		{E2B391F4-280F-4A9B-8D6E-52963877EBE6}.Release|Any CPU.ActiveCfg = Release|Any CPU
		{E2B391F4-280F-4A9B-8D6E-52963877EBE6}.Release|Any CPU.Build.0 = Release|Any CPU
		{BE5D83BA-E919-4297-AA31-D1C96D8E7001}.Debug|Any CPU.ActiveCfg = Debug|Any CPU
		{BE5D83BA-E919-4297-AA31-D1C96D8E7001}.Debug|Any CPU.Build.0 = Debug|Any CPU
		{BE5D83BA-E919-4297-AA31-D1C96D8E7001}.Release|Any CPU.ActiveCfg = Release|Any CPU
		{BE5D83BA-E919-4297-AA31-D1C96D8E7001}.Release|Any CPU.Build.0 = Release|Any CPU
		{43B3073D-1024-476A-8DD6-3AA88412C3D2}.Debug|Any CPU.ActiveCfg = Debug|Any CPU
		{43B3073D-1024-476A-8DD6-3AA88412C3D2}.Debug|Any CPU.Build.0 = Debug|Any CPU
		{43B3073D-1024-476A-8DD6-3AA88412C3D2}.Release|Any CPU.ActiveCfg = Release|Any CPU
		{43B3073D-1024-476A-8DD6-3AA88412C3D2}.Release|Any CPU.Build.0 = Release|Any CPU
	EndGlobalSection
	GlobalSection(SolutionProperties) = preSolution
		HideSolutionNode = FALSE
	EndGlobalSection
	GlobalSection(ExtensibilityGlobals) = postSolution
		SolutionGuid = {2C4DC071-27A5-44E7-9989-A639EE1CE348}
	EndGlobalSection
EndGlobal
