
Microsoft Visual Studio Solution File, Format Version 12.00
# Visual Studio Version 17
VisualStudioVersion = 17.0.31903.59
MinimumVisualStudioVersion = 10.0.40219.1
Project("{2150E333-8FDC-42A3-9474-1A3956D46DE8}") = "tests", "tests", "{6D09A640-3AAE-4021-BE30-39AB67543D4B}"
EndProject
Project("{2150E333-8FDC-42A3-9474-1A3956D46DE8}") = "src", "src", "{BA12010F-66C3-4B75-9333-41D764646D0F}"
EndProject
Project("{9A19103F-16F7-4668-BE54-9A1E7A4F7556}") = "BusinessLogic", "src\BusinessLogic\BusinessLogic.csproj", "{B592B3FD-C628-45D5-A4E0-7605DBE7A75F}"
EndProject
Project("{9A19103F-16F7-4668-BE54-9A1E7A4F7556}") = "BusinessLogic.Test", "tests\BusinessLogic.Test\BusinessLogic.Test.csproj", "{EA51CC7B-E699-4989-AD9B-98F8512F4316}"
EndProject
Project("{9A19103F-16F7-4668-BE54-9A1E7A4F7556}") = "DataAccess.Test", "tests\DataAccess.Test\DataAccess.Test.csproj", "{8016E0FB-C555-469E-99D1-1FECA2AE759D}"
EndProject
Project("{9A19103F-16F7-4668-BE54-9A1E7A4F7556}") = "DataAccess", "src\DataAccess\DataAccess.csproj", "{5E6351DC-4B41-4096-9504-90CA19F763EB}"
EndProject
Project("{9A19103F-16F7-4668-BE54-9A1E7A4F7556}") = "WebApi", "src\WebApi\WebApi.csproj", "{866C1E9D-1EA4-4DCD-A691-0F3EB3FC6A07}"
EndProject
Project("{9A19103F-16F7-4668-BE54-9A1E7A4F7556}") = "WebApi.Test", "tests\WebApi.Test\WebApi.Test.csproj", "{2E2FE79D-81BA-4BBC-A61B-E1CAEA601A31}"
EndProject
Project("{9A19103F-16F7-4668-BE54-9A1E7A4F7556}") = "Domain", "src\Domain\Domain.csproj", "{42565473-945F-4CED-AB26-B5244CB4A226}"
EndProject
Project("{9A19103F-16F7-4668-BE54-9A1E7A4F7556}") = "IBusinessLogic", "src\IBusinessLogic\IBusinessLogic.csproj", "{1E648CBB-C704-4AFE-8CA7-67C1D84DCAB5}"
EndProject
Project("{9A19103F-16F7-4668-BE54-9A1E7A4F7556}") = "IDataAccess", "src\IDataAccess\IDataAccess.csproj", "{1B4603DE-09CE-4460-AA2D-975BD75C76BD}"
EndProject
Project("{9A19103F-16F7-4668-BE54-9A1E7A4F7556}") = "DTOs", "src\DTOs\DTOs.csproj", "{36205157-6031-4993-9A4E-CC11B1204FEF}"
EndProject
Project("{9A19103F-16F7-4668-BE54-9A1E7A4F7556}") = "PaginationAndFilters", "src\PaginationAndFilters\PaginationAndFilters.csproj", "{F074D3C9-D3D1-4133-AD15-3E2EB749C382}"
EndProject
Project("{9A19103F-16F7-4668-BE54-9A1E7A4F7556}") = "ImporterService", "src\IImporterService\ImporterService.csproj", "{D0B2187A-5EE9-40AA-B0F3-25DA6F215780}"
EndProject
Project("{9A19103F-16F7-4668-BE54-9A1E7A4F7556}") = "NotificationStrategies", "src\NotificationStrategies\NotificationStrategies.csproj", "{428E3F7E-E1E3-4886-A828-17331AC74D6E}"
EndProject
Global
	GlobalSection(SolutionConfigurationPlatforms) = preSolution
		Debug|Any CPU = Debug|Any CPU
		Release|Any CPU = Release|Any CPU
	EndGlobalSection
	GlobalSection(ProjectConfigurationPlatforms) = postSolution
		{B592B3FD-C628-45D5-A4E0-7605DBE7A75F}.Debug|Any CPU.ActiveCfg = Debug|Any CPU
		{B592B3FD-C628-45D5-A4E0-7605DBE7A75F}.Debug|Any CPU.Build.0 = Debug|Any CPU
		{B592B3FD-C628-45D5-A4E0-7605DBE7A75F}.Release|Any CPU.ActiveCfg = Release|Any CPU
		{B592B3FD-C628-45D5-A4E0-7605DBE7A75F}.Release|Any CPU.Build.0 = Release|Any CPU
		{EA51CC7B-E699-4989-AD9B-98F8512F4316}.Debug|Any CPU.ActiveCfg = Debug|Any CPU
		{EA51CC7B-E699-4989-AD9B-98F8512F4316}.Debug|Any CPU.Build.0 = Debug|Any CPU
		{EA51CC7B-E699-4989-AD9B-98F8512F4316}.Release|Any CPU.ActiveCfg = Release|Any CPU
		{EA51CC7B-E699-4989-AD9B-98F8512F4316}.Release|Any CPU.Build.0 = Release|Any CPU
		{8016E0FB-C555-469E-99D1-1FECA2AE759D}.Debug|Any CPU.ActiveCfg = Debug|Any CPU
		{8016E0FB-C555-469E-99D1-1FECA2AE759D}.Debug|Any CPU.Build.0 = Debug|Any CPU
		{8016E0FB-C555-469E-99D1-1FECA2AE759D}.Release|Any CPU.ActiveCfg = Release|Any CPU
		{8016E0FB-C555-469E-99D1-1FECA2AE759D}.Release|Any CPU.Build.0 = Release|Any CPU
		{5E6351DC-4B41-4096-9504-90CA19F763EB}.Debug|Any CPU.ActiveCfg = Debug|Any CPU
		{5E6351DC-4B41-4096-9504-90CA19F763EB}.Debug|Any CPU.Build.0 = Debug|Any CPU
		{5E6351DC-4B41-4096-9504-90CA19F763EB}.Release|Any CPU.ActiveCfg = Release|Any CPU
		{5E6351DC-4B41-4096-9504-90CA19F763EB}.Release|Any CPU.Build.0 = Release|Any CPU
		{866C1E9D-1EA4-4DCD-A691-0F3EB3FC6A07}.Debug|Any CPU.ActiveCfg = Debug|Any CPU
		{866C1E9D-1EA4-4DCD-A691-0F3EB3FC6A07}.Debug|Any CPU.Build.0 = Debug|Any CPU
		{866C1E9D-1EA4-4DCD-A691-0F3EB3FC6A07}.Release|Any CPU.ActiveCfg = Release|Any CPU
		{866C1E9D-1EA4-4DCD-A691-0F3EB3FC6A07}.Release|Any CPU.Build.0 = Release|Any CPU
		{2E2FE79D-81BA-4BBC-A61B-E1CAEA601A31}.Debug|Any CPU.ActiveCfg = Debug|Any CPU
		{2E2FE79D-81BA-4BBC-A61B-E1CAEA601A31}.Debug|Any CPU.Build.0 = Debug|Any CPU
		{2E2FE79D-81BA-4BBC-A61B-E1CAEA601A31}.Release|Any CPU.ActiveCfg = Release|Any CPU
		{2E2FE79D-81BA-4BBC-A61B-E1CAEA601A31}.Release|Any CPU.Build.0 = Release|Any CPU
		{42565473-945F-4CED-AB26-B5244CB4A226}.Debug|Any CPU.ActiveCfg = Debug|Any CPU
		{42565473-945F-4CED-AB26-B5244CB4A226}.Debug|Any CPU.Build.0 = Debug|Any CPU
		{42565473-945F-4CED-AB26-B5244CB4A226}.Release|Any CPU.ActiveCfg = Release|Any CPU
		{42565473-945F-4CED-AB26-B5244CB4A226}.Release|Any CPU.Build.0 = Release|Any CPU
		{1E648CBB-C704-4AFE-8CA7-67C1D84DCAB5}.Debug|Any CPU.ActiveCfg = Debug|Any CPU
		{1E648CBB-C704-4AFE-8CA7-67C1D84DCAB5}.Debug|Any CPU.Build.0 = Debug|Any CPU
		{1E648CBB-C704-4AFE-8CA7-67C1D84DCAB5}.Release|Any CPU.ActiveCfg = Release|Any CPU
		{1E648CBB-C704-4AFE-8CA7-67C1D84DCAB5}.Release|Any CPU.Build.0 = Release|Any CPU
		{1B4603DE-09CE-4460-AA2D-975BD75C76BD}.Debug|Any CPU.ActiveCfg = Debug|Any CPU
		{1B4603DE-09CE-4460-AA2D-975BD75C76BD}.Debug|Any CPU.Build.0 = Debug|Any CPU
		{1B4603DE-09CE-4460-AA2D-975BD75C76BD}.Release|Any CPU.ActiveCfg = Release|Any CPU
		{1B4603DE-09CE-4460-AA2D-975BD75C76BD}.Release|Any CPU.Build.0 = Release|Any CPU
		{36205157-6031-4993-9A4E-CC11B1204FEF}.Debug|Any CPU.ActiveCfg = Debug|Any CPU
		{36205157-6031-4993-9A4E-CC11B1204FEF}.Debug|Any CPU.Build.0 = Debug|Any CPU
		{36205157-6031-4993-9A4E-CC11B1204FEF}.Release|Any CPU.ActiveCfg = Release|Any CPU
		{36205157-6031-4993-9A4E-CC11B1204FEF}.Release|Any CPU.Build.0 = Release|Any CPU
		{F074D3C9-D3D1-4133-AD15-3E2EB749C382}.Debug|Any CPU.ActiveCfg = Debug|Any CPU
		{F074D3C9-D3D1-4133-AD15-3E2EB749C382}.Debug|Any CPU.Build.0 = Debug|Any CPU
		{F074D3C9-D3D1-4133-AD15-3E2EB749C382}.Release|Any CPU.ActiveCfg = Release|Any CPU
		{F074D3C9-D3D1-4133-AD15-3E2EB749C382}.Release|Any CPU.Build.0 = Release|Any CPU
		{D0B2187A-5EE9-40AA-B0F3-25DA6F215780}.Debug|Any CPU.ActiveCfg = Debug|Any CPU
		{D0B2187A-5EE9-40AA-B0F3-25DA6F215780}.Debug|Any CPU.Build.0 = Debug|Any CPU
		{D0B2187A-5EE9-40AA-B0F3-25DA6F215780}.Release|Any CPU.ActiveCfg = Release|Any CPU
		{D0B2187A-5EE9-40AA-B0F3-25DA6F215780}.Release|Any CPU.Build.0 = Release|Any CPU
		{428E3F7E-E1E3-4886-A828-17331AC74D6E}.Debug|Any CPU.ActiveCfg = Debug|Any CPU
		{428E3F7E-E1E3-4886-A828-17331AC74D6E}.Debug|Any CPU.Build.0 = Debug|Any CPU
		{428E3F7E-E1E3-4886-A828-17331AC74D6E}.Release|Any CPU.ActiveCfg = Release|Any CPU
		{428E3F7E-E1E3-4886-A828-17331AC74D6E}.Release|Any CPU.Build.0 = Release|Any CPU
	EndGlobalSection
	GlobalSection(SolutionProperties) = preSolution
		HideSolutionNode = FALSE
	EndGlobalSection
	GlobalSection(NestedProjects) = preSolution
		{B592B3FD-C628-45D5-A4E0-7605DBE7A75F} = {BA12010F-66C3-4B75-9333-41D764646D0F}
		{EA51CC7B-E699-4989-AD9B-98F8512F4316} = {6D09A640-3AAE-4021-BE30-39AB67543D4B}
		{8016E0FB-C555-469E-99D1-1FECA2AE759D} = {6D09A640-3AAE-4021-BE30-39AB67543D4B}
		{5E6351DC-4B41-4096-9504-90CA19F763EB} = {BA12010F-66C3-4B75-9333-41D764646D0F}
		{866C1E9D-1EA4-4DCD-A691-0F3EB3FC6A07} = {BA12010F-66C3-4B75-9333-41D764646D0F}
		{2E2FE79D-81BA-4BBC-A61B-E1CAEA601A31} = {6D09A640-3AAE-4021-BE30-39AB67543D4B}
		{42565473-945F-4CED-AB26-B5244CB4A226} = {BA12010F-66C3-4B75-9333-41D764646D0F}
		{1E648CBB-C704-4AFE-8CA7-67C1D84DCAB5} = {BA12010F-66C3-4B75-9333-41D764646D0F}
		{1B4603DE-09CE-4460-AA2D-975BD75C76BD} = {BA12010F-66C3-4B75-9333-41D764646D0F}
		{36205157-6031-4993-9A4E-CC11B1204FEF} = {BA12010F-66C3-4B75-9333-41D764646D0F}
		{F074D3C9-D3D1-4133-AD15-3E2EB749C382} = {BA12010F-66C3-4B75-9333-41D764646D0F}
		{D0B2187A-5EE9-40AA-B0F3-25DA6F215780} = {BA12010F-66C3-4B75-9333-41D764646D0F}
		{428E3F7E-E1E3-4886-A828-17331AC74D6E} = {BA12010F-66C3-4B75-9333-41D764646D0F}
	EndGlobalSection
	GlobalSection(ExtensibilityGlobals) = postSolution
		SolutionGuid = {6AF041B9-4F74-4E51-8198-78C3F0233933}
	EndGlobalSection
EndGlobal
